// !$*UTF8*$!
{
	archiveVersion = 1;
	classes = {
	};
	objectVersion = 50;
	objects = {

/* Begin PBXBuildFile section */
		8528B78F2714256700B711CC /* SurveyUI.swift in Sources */ = {isa = PBXBuildFile; fileRef = 8528B78E2714256700B711CC /* SurveyUI.swift */; };
		852F5E0A270DDFBF00DB888B /* GetApiAddress.swift in Sources */ = {isa = PBXBuildFile; fileRef = 852F5E09270DDFBF00DB888B /* GetApiAddress.swift */; };
		852F5E10270F004400DB888B /* GeneralKeys.swift in Sources */ = {isa = PBXBuildFile; fileRef = 852F5E0F270F004400DB888B /* GeneralKeys.swift */; };
		852F5E16270F026F00DB888B /* MobillianApiKeys.swift in Sources */ = {isa = PBXBuildFile; fileRef = 852F5E15270F026F00DB888B /* MobillianApiKeys.swift */; };
		852F5E1E270F082F00DB888B /* ApiGetProject.swift in Sources */ = {isa = PBXBuildFile; fileRef = 852F5E1D270F082F00DB888B /* ApiGetProject.swift */; };
		852F5E23270F08DC00DB888B /* rqProject.swift in Sources */ = {isa = PBXBuildFile; fileRef = 852F5E22270F08DC00DB888B /* rqProject.swift */; };
		852F5E28270F127900DB888B /* rsApiBase.swift in Sources */ = {isa = PBXBuildFile; fileRef = 852F5E27270F127900DB888B /* rsApiBase.swift */; };
		859E0E4526F88ADE0039C1C8 /* Mobillian.framework in Frameworks */ = {isa = PBXBuildFile; fileRef = 859E0E3B26F88ADE0039C1C8 /* Mobillian.framework */; };
		859E0E4A26F88ADE0039C1C8 /* MobillianTests.swift in Sources */ = {isa = PBXBuildFile; fileRef = 859E0E4926F88ADE0039C1C8 /* MobillianTests.swift */; };
		859E0E4C26F88ADE0039C1C8 /* Mobillian.h in Headers */ = {isa = PBXBuildFile; fileRef = 859E0E3E26F88ADE0039C1C8 /* Mobillian.h */; settings = {ATTRIBUTES = (Public, ); }; };
		859E0E5E26F88C0C0039C1C8 /* AppDelegate.swift in Sources */ = {isa = PBXBuildFile; fileRef = 859E0E5D26F88C0C0039C1C8 /* AppDelegate.swift */; };
		859E0E6026F88C0C0039C1C8 /* SceneDelegate.swift in Sources */ = {isa = PBXBuildFile; fileRef = 859E0E5F26F88C0C0039C1C8 /* SceneDelegate.swift */; };
		859E0E6226F88C0C0039C1C8 /* ContentView.swift in Sources */ = {isa = PBXBuildFile; fileRef = 859E0E6126F88C0C0039C1C8 /* ContentView.swift */; };
		859E0E6426F88C100039C1C8 /* Assets.xcassets in Resources */ = {isa = PBXBuildFile; fileRef = 859E0E6326F88C100039C1C8 /* Assets.xcassets */; };
		859E0E6726F88C100039C1C8 /* Preview Assets.xcassets in Resources */ = {isa = PBXBuildFile; fileRef = 859E0E6626F88C100039C1C8 /* Preview Assets.xcassets */; };
		859E0E6A26F88C100039C1C8 /* LaunchScreen.storyboard in Resources */ = {isa = PBXBuildFile; fileRef = 859E0E6826F88C100039C1C8 /* LaunchScreen.storyboard */; };
		85C3FF7926FE4C93001B8C79 /* Mobillian.swift in Sources */ = {isa = PBXBuildFile; fileRef = 85C3FF7826FE4C93001B8C79 /* Mobillian.swift */; };
		85DC412E2711A924001B7A68 /* Project.swift in Sources */ = {isa = PBXBuildFile; fileRef = 85DC412D2711A924001B7A68 /* Project.swift */; };
		85DC41302711DC30001B7A68 /* ApiTest.swift in Sources */ = {isa = PBXBuildFile; fileRef = 85DC412F2711DC30001B7A68 /* ApiTest.swift */; };
		85DC413227120F56001B7A68 /* ApiGetSurveyLink.swift in Sources */ = {isa = PBXBuildFile; fileRef = 85DC413127120F56001B7A68 /* ApiGetSurveyLink.swift */; };
		85DC413627121034001B7A68 /* rqSurveyLink.swift in Sources */ = {isa = PBXBuildFile; fileRef = 85DC413527121034001B7A68 /* rqSurveyLink.swift */; };
		85DC413827121085001B7A68 /* rqResponderInfo.swift in Sources */ = {isa = PBXBuildFile; fileRef = 85DC413727121085001B7A68 /* rqResponderInfo.swift */; };
		85DC413A2712234F001B7A68 /* rsSurveyLink.swift in Sources */ = {isa = PBXBuildFile; fileRef = 85DC41392712234F001B7A68 /* rsSurveyLink.swift */; };
		85E58772270B8E0900085B9A /* MOBApplicationService.swift in Sources */ = {isa = PBXBuildFile; fileRef = 85E58771270B8E0900085B9A /* MOBApplicationService.swift */; };
		85E58778270B910A00085B9A /* eGenderFilter.swift in Sources */ = {isa = PBXBuildFile; fileRef = 85E58777270B910A00085B9A /* eGenderFilter.swift */; };
		85E5877D270B91A400085B9A /* eAgeFilter.swift in Sources */ = {isa = PBXBuildFile; fileRef = 85E5877C270B91A400085B9A /* eAgeFilter.swift */; };
		85E58783270B925300085B9A /* mLocation.swift in Sources */ = {isa = PBXBuildFile; fileRef = 85E58782270B925300085B9A /* mLocation.swift */; };
		85E58788270B937100085B9A /* rqProjectFilter.swift in Sources */ = {isa = PBXBuildFile; fileRef = 85E58787270B937100085B9A /* rqProjectFilter.swift */; };
		85E5878F270B99B600085B9A /* rsProject.swift in Sources */ = {isa = PBXBuildFile; fileRef = 85E5878E270B99B600085B9A /* rsProject.swift */; };
/* End PBXBuildFile section */

/* Begin PBXContainerItemProxy section */
		859E0E4626F88ADE0039C1C8 /* PBXContainerItemProxy */ = {
			isa = PBXContainerItemProxy;
			containerPortal = 859E0E3226F88ADD0039C1C8 /* Project object */;
			proxyType = 1;
			remoteGlobalIDString = 859E0E3A26F88ADD0039C1C8;
			remoteInfo = Mobillian;
		};
/* End PBXContainerItemProxy section */

/* Begin PBXFileReference section */
		8528B78E2714256700B711CC /* SurveyUI.swift */ = {isa = PBXFileReference; lastKnownFileType = sourcecode.swift; path = SurveyUI.swift; sourceTree = "<group>"; };
		852F5E09270DDFBF00DB888B /* GetApiAddress.swift */ = {isa = PBXFileReference; lastKnownFileType = sourcecode.swift; path = GetApiAddress.swift; sourceTree = "<group>"; };
		852F5E0F270F004400DB888B /* GeneralKeys.swift */ = {isa = PBXFileReference; lastKnownFileType = sourcecode.swift; path = GeneralKeys.swift; sourceTree = "<group>"; };
		852F5E15270F026F00DB888B /* MobillianApiKeys.swift */ = {isa = PBXFileReference; lastKnownFileType = sourcecode.swift; path = MobillianApiKeys.swift; sourceTree = "<group>"; };
		852F5E1D270F082F00DB888B /* ApiGetProject.swift */ = {isa = PBXFileReference; lastKnownFileType = sourcecode.swift; path = ApiGetProject.swift; sourceTree = "<group>"; };
		852F5E22270F08DC00DB888B /* rqProject.swift */ = {isa = PBXFileReference; lastKnownFileType = sourcecode.swift; path = rqProject.swift; sourceTree = "<group>"; };
		852F5E27270F127900DB888B /* rsApiBase.swift */ = {isa = PBXFileReference; lastKnownFileType = sourcecode.swift; path = rsApiBase.swift; sourceTree = "<group>"; };
		859E0E3B26F88ADE0039C1C8 /* Mobillian.framework */ = {isa = PBXFileReference; explicitFileType = wrapper.framework; includeInIndex = 0; path = Mobillian.framework; sourceTree = BUILT_PRODUCTS_DIR; };
		859E0E3E26F88ADE0039C1C8 /* Mobillian.h */ = {isa = PBXFileReference; lastKnownFileType = sourcecode.c.h; path = Mobillian.h; sourceTree = "<group>"; };
		859E0E3F26F88ADE0039C1C8 /* Info.plist */ = {isa = PBXFileReference; lastKnownFileType = text.plist.xml; path = Info.plist; sourceTree = "<group>"; };
		859E0E4426F88ADE0039C1C8 /* MobillianTests.xctest */ = {isa = PBXFileReference; explicitFileType = wrapper.cfbundle; includeInIndex = 0; path = MobillianTests.xctest; sourceTree = BUILT_PRODUCTS_DIR; };
		859E0E4926F88ADE0039C1C8 /* MobillianTests.swift */ = {isa = PBXFileReference; lastKnownFileType = sourcecode.swift; path = MobillianTests.swift; sourceTree = "<group>"; };
		859E0E4B26F88ADE0039C1C8 /* Info.plist */ = {isa = PBXFileReference; lastKnownFileType = text.plist.xml; path = Info.plist; sourceTree = "<group>"; };
		859E0E5B26F88C0C0039C1C8 /* MobillianExamples.app */ = {isa = PBXFileReference; explicitFileType = wrapper.application; includeInIndex = 0; path = MobillianExamples.app; sourceTree = BUILT_PRODUCTS_DIR; };
		859E0E5D26F88C0C0039C1C8 /* AppDelegate.swift */ = {isa = PBXFileReference; lastKnownFileType = sourcecode.swift; path = AppDelegate.swift; sourceTree = "<group>"; };
		859E0E5F26F88C0C0039C1C8 /* SceneDelegate.swift */ = {isa = PBXFileReference; lastKnownFileType = sourcecode.swift; path = SceneDelegate.swift; sourceTree = "<group>"; };
		859E0E6126F88C0C0039C1C8 /* ContentView.swift */ = {isa = PBXFileReference; lastKnownFileType = sourcecode.swift; path = ContentView.swift; sourceTree = "<group>"; };
		859E0E6326F88C100039C1C8 /* Assets.xcassets */ = {isa = PBXFileReference; lastKnownFileType = folder.assetcatalog; path = Assets.xcassets; sourceTree = "<group>"; };
		859E0E6626F88C100039C1C8 /* Preview Assets.xcassets */ = {isa = PBXFileReference; lastKnownFileType = folder.assetcatalog; path = "Preview Assets.xcassets"; sourceTree = "<group>"; };
		859E0E6926F88C100039C1C8 /* Base */ = {isa = PBXFileReference; lastKnownFileType = file.storyboard; name = Base; path = Base.lproj/LaunchScreen.storyboard; sourceTree = "<group>"; };
		859E0E6B26F88C100039C1C8 /* Info.plist */ = {isa = PBXFileReference; lastKnownFileType = text.plist.xml; path = Info.plist; sourceTree = "<group>"; };
		85C3FF7826FE4C93001B8C79 /* Mobillian.swift */ = {isa = PBXFileReference; lastKnownFileType = sourcecode.swift; path = Mobillian.swift; sourceTree = "<group>"; };
		85DC412D2711A924001B7A68 /* Project.swift */ = {isa = PBXFileReference; lastKnownFileType = sourcecode.swift; path = Project.swift; sourceTree = "<group>"; };
		85DC412F2711DC30001B7A68 /* ApiTest.swift */ = {isa = PBXFileReference; lastKnownFileType = sourcecode.swift; path = ApiTest.swift; sourceTree = "<group>"; };
		85DC413127120F56001B7A68 /* ApiGetSurveyLink.swift */ = {isa = PBXFileReference; lastKnownFileType = sourcecode.swift; path = ApiGetSurveyLink.swift; sourceTree = "<group>"; };
		85DC413527121034001B7A68 /* rqSurveyLink.swift */ = {isa = PBXFileReference; lastKnownFileType = sourcecode.swift; path = rqSurveyLink.swift; sourceTree = "<group>"; };
		85DC413727121085001B7A68 /* rqResponderInfo.swift */ = {isa = PBXFileReference; lastKnownFileType = sourcecode.swift; path = rqResponderInfo.swift; sourceTree = "<group>"; };
		85DC41392712234F001B7A68 /* rsSurveyLink.swift */ = {isa = PBXFileReference; lastKnownFileType = sourcecode.swift; path = rsSurveyLink.swift; sourceTree = "<group>"; };
		85E58771270B8E0900085B9A /* MOBApplicationService.swift */ = {isa = PBXFileReference; lastKnownFileType = sourcecode.swift; path = MOBApplicationService.swift; sourceTree = "<group>"; };
		85E58777270B910A00085B9A /* eGenderFilter.swift */ = {isa = PBXFileReference; lastKnownFileType = sourcecode.swift; path = eGenderFilter.swift; sourceTree = "<group>"; };
		85E5877C270B91A400085B9A /* eAgeFilter.swift */ = {isa = PBXFileReference; lastKnownFileType = sourcecode.swift; path = eAgeFilter.swift; sourceTree = "<group>"; };
		85E58782270B925300085B9A /* mLocation.swift */ = {isa = PBXFileReference; lastKnownFileType = sourcecode.swift; path = mLocation.swift; sourceTree = "<group>"; };
		85E58787270B937100085B9A /* rqProjectFilter.swift */ = {isa = PBXFileReference; lastKnownFileType = sourcecode.swift; path = rqProjectFilter.swift; sourceTree = "<group>"; };
		85E5878E270B99B600085B9A /* rsProject.swift */ = {isa = PBXFileReference; lastKnownFileType = sourcecode.swift; path = rsProject.swift; sourceTree = "<group>"; };
/* End PBXFileReference section */

/* Begin PBXFrameworksBuildPhase section */
		859E0E3826F88ADD0039C1C8 /* Frameworks */ = {
			isa = PBXFrameworksBuildPhase;
			buildActionMask = 2147483647;
			files = (
			);
			runOnlyForDeploymentPostprocessing = 0;
		};
		859E0E4126F88ADE0039C1C8 /* Frameworks */ = {
			isa = PBXFrameworksBuildPhase;
			buildActionMask = 2147483647;
			files = (
				859E0E4526F88ADE0039C1C8 /* Mobillian.framework in Frameworks */,
			);
			runOnlyForDeploymentPostprocessing = 0;
		};
		859E0E5826F88C0C0039C1C8 /* Frameworks */ = {
			isa = PBXFrameworksBuildPhase;
			buildActionMask = 2147483647;
			files = (
			);
			runOnlyForDeploymentPostprocessing = 0;
		};
/* End PBXFrameworksBuildPhase section */

/* Begin PBXGroup section */
		8528B78D2714253900B711CC /* Views */ = {
			isa = PBXGroup;
			children = (
				8528B78E2714256700B711CC /* SurveyUI.swift */,
			);
			path = Views;
			sourceTree = "<group>";
		};
		852F5E05270DDF9C00DB888B /* Manager */ = {
			isa = PBXGroup;
			children = (
				852F5E09270DDFBF00DB888B /* GetApiAddress.swift */,
			);
			path = Manager;
			sourceTree = "<group>";
		};
		852F5E0E270F001E00DB888B /* Keys */ = {
			isa = PBXGroup;
			children = (
				852F5E0F270F004400DB888B /* GeneralKeys.swift */,
				852F5E15270F026F00DB888B /* MobillianApiKeys.swift */,
			);
			path = Keys;
			sourceTree = "<group>";
		};
		852F5E14270F020800DB888B /* Api */ = {
			isa = PBXGroup;
			children = (
				852F5E1D270F082F00DB888B /* ApiGetProject.swift */,
				85DC412F2711DC30001B7A68 /* ApiTest.swift */,
				85DC413127120F56001B7A68 /* ApiGetSurveyLink.swift */,
			);
			path = Api;
			sourceTree = "<group>";
		};
		859E0E3126F88ADD0039C1C8 = {
			isa = PBXGroup;
			children = (
				859E0E3D26F88ADE0039C1C8 /* Mobillian */,
				859E0E4826F88ADE0039C1C8 /* MobillianTests */,
				859E0E5C26F88C0C0039C1C8 /* MobillianExamples */,
				859E0E3C26F88ADE0039C1C8 /* Products */,
			);
			sourceTree = "<group>";
		};
		859E0E3C26F88ADE0039C1C8 /* Products */ = {
			isa = PBXGroup;
			children = (
				859E0E3B26F88ADE0039C1C8 /* Mobillian.framework */,
				859E0E4426F88ADE0039C1C8 /* MobillianTests.xctest */,
				859E0E5B26F88C0C0039C1C8 /* MobillianExamples.app */,
			);
			name = Products;
			sourceTree = "<group>";
		};
		859E0E3D26F88ADE0039C1C8 /* Mobillian */ = {
			isa = PBXGroup;
			children = (
				8528B78D2714253900B711CC /* Views */,
				852F5E14270F020800DB888B /* Api */,
				852F5E0E270F001E00DB888B /* Keys */,
				852F5E05270DDF9C00DB888B /* Manager */,
				85E58781270B924500085B9A /* Models */,
				85E58776270B8FFA00085B9A /* Enums */,
				859E0E3E26F88ADE0039C1C8 /* Mobillian.h */,
				859E0E3F26F88ADE0039C1C8 /* Info.plist */,
				85C3FF7826FE4C93001B8C79 /* Mobillian.swift */,
				85E58771270B8E0900085B9A /* MOBApplicationService.swift */,
			);
			path = Mobillian;
			sourceTree = "<group>";
		};
		859E0E4826F88ADE0039C1C8 /* MobillianTests */ = {
			isa = PBXGroup;
			children = (
				859E0E4926F88ADE0039C1C8 /* MobillianTests.swift */,
				859E0E4B26F88ADE0039C1C8 /* Info.plist */,
			);
			path = MobillianTests;
			sourceTree = "<group>";
		};
		859E0E5C26F88C0C0039C1C8 /* MobillianExamples */ = {
			isa = PBXGroup;
			children = (
				859E0E5D26F88C0C0039C1C8 /* AppDelegate.swift */,
				859E0E5F26F88C0C0039C1C8 /* SceneDelegate.swift */,
				859E0E6126F88C0C0039C1C8 /* ContentView.swift */,
				859E0E6326F88C100039C1C8 /* Assets.xcassets */,
				859E0E6826F88C100039C1C8 /* LaunchScreen.storyboard */,
				859E0E6B26F88C100039C1C8 /* Info.plist */,
				859E0E6526F88C100039C1C8 /* Preview Content */,
			);
			path = MobillianExamples;
			sourceTree = "<group>";
		};
		859E0E6526F88C100039C1C8 /* Preview Content */ = {
			isa = PBXGroup;
			children = (
				859E0E6626F88C100039C1C8 /* Preview Assets.xcassets */,
			);
			path = "Preview Content";
			sourceTree = "<group>";
		};
		85DC412C2711A902001B7A68 /* Project */ = {
			isa = PBXGroup;
			children = (
				85DC412D2711A924001B7A68 /* Project.swift */,
			);
			path = Project;
			sourceTree = "<group>";
		};
		85E58776270B8FFA00085B9A /* Enums */ = {
			isa = PBXGroup;
			children = (
				85E58777270B910A00085B9A /* eGenderFilter.swift */,
				85E5877C270B91A400085B9A /* eAgeFilter.swift */,
			);
			path = Enums;
			sourceTree = "<group>";
		};
		85E58781270B924500085B9A /* Models */ = {
			isa = PBXGroup;
			children = (
				85DC412C2711A902001B7A68 /* Project */,
				85E5878D270B99A000085B9A /* Response */,
				85E5878C270B998F00085B9A /* Request */,
				85E58782270B925300085B9A /* mLocation.swift */,
			);
			path = Models;
			sourceTree = "<group>";
		};
		85E5878C270B998F00085B9A /* Request */ = {
			isa = PBXGroup;
			children = (
				85E58787270B937100085B9A /* rqProjectFilter.swift */,
				852F5E22270F08DC00DB888B /* rqProject.swift */,
				85DC413527121034001B7A68 /* rqSurveyLink.swift */,
				85DC413727121085001B7A68 /* rqResponderInfo.swift */,
			);
			path = Request;
			sourceTree = "<group>";
		};
		85E5878D270B99A000085B9A /* Response */ = {
			isa = PBXGroup;
			children = (
				85E5878E270B99B600085B9A /* rsProject.swift */,
				852F5E27270F127900DB888B /* rsApiBase.swift */,
				85DC41392712234F001B7A68 /* rsSurveyLink.swift */,
			);
			path = Response;
			sourceTree = "<group>";
		};
/* End PBXGroup section */

/* Begin PBXHeadersBuildPhase section */
		859E0E3626F88ADD0039C1C8 /* Headers */ = {
			isa = PBXHeadersBuildPhase;
			buildActionMask = 2147483647;
			files = (
				859E0E4C26F88ADE0039C1C8 /* Mobillian.h in Headers */,
			);
			runOnlyForDeploymentPostprocessing = 0;
		};
/* End PBXHeadersBuildPhase section */

/* Begin PBXNativeTarget section */
		859E0E3A26F88ADD0039C1C8 /* Mobillian */ = {
			isa = PBXNativeTarget;
			buildConfigurationList = 859E0E4F26F88ADE0039C1C8 /* Build configuration list for PBXNativeTarget "Mobillian" */;
			buildPhases = (
				859E0E3626F88ADD0039C1C8 /* Headers */,
				859E0E3726F88ADD0039C1C8 /* Sources */,
				859E0E3826F88ADD0039C1C8 /* Frameworks */,
				859E0E3926F88ADD0039C1C8 /* Resources */,
			);
			buildRules = (
			);
			dependencies = (
			);
			name = Mobillian;
			productName = Mobillian;
			productReference = 859E0E3B26F88ADE0039C1C8 /* Mobillian.framework */;
			productType = "com.apple.product-type.framework";
		};
		859E0E4326F88ADE0039C1C8 /* MobillianTests */ = {
			isa = PBXNativeTarget;
			buildConfigurationList = 859E0E5226F88ADE0039C1C8 /* Build configuration list for PBXNativeTarget "MobillianTests" */;
			buildPhases = (
				859E0E4026F88ADE0039C1C8 /* Sources */,
				859E0E4126F88ADE0039C1C8 /* Frameworks */,
				859E0E4226F88ADE0039C1C8 /* Resources */,
			);
			buildRules = (
			);
			dependencies = (
				859E0E4726F88ADE0039C1C8 /* PBXTargetDependency */,
			);
			name = MobillianTests;
			productName = MobillianTests;
			productReference = 859E0E4426F88ADE0039C1C8 /* MobillianTests.xctest */;
			productType = "com.apple.product-type.bundle.unit-test";
		};
		859E0E5A26F88C0C0039C1C8 /* MobillianExamples */ = {
			isa = PBXNativeTarget;
			buildConfigurationList = 859E0E6C26F88C100039C1C8 /* Build configuration list for PBXNativeTarget "MobillianExamples" */;
			buildPhases = (
				859E0E5726F88C0C0039C1C8 /* Sources */,
				859E0E5826F88C0C0039C1C8 /* Frameworks */,
				859E0E5926F88C0C0039C1C8 /* Resources */,
			);
			buildRules = (
			);
			dependencies = (
			);
			name = MobillianExamples;
			productName = MobillianExamples;
			productReference = 859E0E5B26F88C0C0039C1C8 /* MobillianExamples.app */;
			productType = "com.apple.product-type.application";
		};
/* End PBXNativeTarget section */

/* Begin PBXProject section */
		859E0E3226F88ADD0039C1C8 /* Project object */ = {
			isa = PBXProject;
			attributes = {
				LastSwiftUpdateCheck = 1240;
				LastUpgradeCheck = 1240;
				TargetAttributes = {
					859E0E3A26F88ADD0039C1C8 = {
						CreatedOnToolsVersion = 12.4;
						LastSwiftMigration = 1240;
					};
					859E0E4326F88ADE0039C1C8 = {
						CreatedOnToolsVersion = 12.4;
					};
					859E0E5A26F88C0C0039C1C8 = {
						CreatedOnToolsVersion = 12.4;
					};
				};
			};
			buildConfigurationList = 859E0E3526F88ADD0039C1C8 /* Build configuration list for PBXProject "Mobillian" */;
			compatibilityVersion = "Xcode 9.3";
			developmentRegion = en;
			hasScannedForEncodings = 0;
			knownRegions = (
				en,
				Base,
			);
			mainGroup = 859E0E3126F88ADD0039C1C8;
			productRefGroup = 859E0E3C26F88ADE0039C1C8 /* Products */;
			projectDirPath = "";
			projectRoot = "";
			targets = (
				859E0E3A26F88ADD0039C1C8 /* Mobillian */,
				859E0E4326F88ADE0039C1C8 /* MobillianTests */,
				859E0E5A26F88C0C0039C1C8 /* MobillianExamples */,
			);
		};
/* End PBXProject section */

/* Begin PBXResourcesBuildPhase section */
		859E0E3926F88ADD0039C1C8 /* Resources */ = {
			isa = PBXResourcesBuildPhase;
			buildActionMask = 2147483647;
			files = (
			);
			runOnlyForDeploymentPostprocessing = 0;
		};
		859E0E4226F88ADE0039C1C8 /* Resources */ = {
			isa = PBXResourcesBuildPhase;
			buildActionMask = 2147483647;
			files = (
			);
			runOnlyForDeploymentPostprocessing = 0;
		};
		859E0E5926F88C0C0039C1C8 /* Resources */ = {
			isa = PBXResourcesBuildPhase;
			buildActionMask = 2147483647;
			files = (
				859E0E6A26F88C100039C1C8 /* LaunchScreen.storyboard in Resources */,
				859E0E6726F88C100039C1C8 /* Preview Assets.xcassets in Resources */,
				859E0E6426F88C100039C1C8 /* Assets.xcassets in Resources */,
			);
			runOnlyForDeploymentPostprocessing = 0;
		};
/* End PBXResourcesBuildPhase section */

/* Begin PBXSourcesBuildPhase section */
		859E0E3726F88ADD0039C1C8 /* Sources */ = {
			isa = PBXSourcesBuildPhase;
			buildActionMask = 2147483647;
			files = (
				85C3FF7926FE4C93001B8C79 /* Mobillian.swift in Sources */,
				8528B78F2714256700B711CC /* SurveyUI.swift in Sources */,
				85DC41302711DC30001B7A68 /* ApiTest.swift in Sources */,
				85DC413A2712234F001B7A68 /* rsSurveyLink.swift in Sources */,
				85E58778270B910A00085B9A /* eGenderFilter.swift in Sources */,
				85E58772270B8E0900085B9A /* MOBApplicationService.swift in Sources */,
				852F5E28270F127900DB888B /* rsApiBase.swift in Sources */,
				85E5877D270B91A400085B9A /* eAgeFilter.swift in Sources */,
				85DC412E2711A924001B7A68 /* Project.swift in Sources */,
				85DC413227120F56001B7A68 /* ApiGetSurveyLink.swift in Sources */,
				852F5E23270F08DC00DB888B /* rqProject.swift in Sources */,
				852F5E16270F026F00DB888B /* MobillianApiKeys.swift in Sources */,
				85E58788270B937100085B9A /* rqProjectFilter.swift in Sources */,
				85DC413827121085001B7A68 /* rqResponderInfo.swift in Sources */,
				85DC413627121034001B7A68 /* rqSurveyLink.swift in Sources */,
				85E5878F270B99B600085B9A /* rsProject.swift in Sources */,
				852F5E10270F004400DB888B /* GeneralKeys.swift in Sources */,
				852F5E0A270DDFBF00DB888B /* GetApiAddress.swift in Sources */,
				85E58783270B925300085B9A /* mLocation.swift in Sources */,
				852F5E1E270F082F00DB888B /* ApiGetProject.swift in Sources */,
			);
			runOnlyForDeploymentPostprocessing = 0;
		};
		859E0E4026F88ADE0039C1C8 /* Sources */ = {
			isa = PBXSourcesBuildPhase;
			buildActionMask = 2147483647;
			files = (
				859E0E4A26F88ADE0039C1C8 /* MobillianTests.swift in Sources */,
			);
			runOnlyForDeploymentPostprocessing = 0;
		};
		859E0E5726F88C0C0039C1C8 /* Sources */ = {
			isa = PBXSourcesBuildPhase;
			buildActionMask = 2147483647;
			files = (
				859E0E5E26F88C0C0039C1C8 /* AppDelegate.swift in Sources */,
				859E0E6026F88C0C0039C1C8 /* SceneDelegate.swift in Sources */,
				859E0E6226F88C0C0039C1C8 /* ContentView.swift in Sources */,
			);
			runOnlyForDeploymentPostprocessing = 0;
		};
/* End PBXSourcesBuildPhase section */

/* Begin PBXTargetDependency section */
		859E0E4726F88ADE0039C1C8 /* PBXTargetDependency */ = {
			isa = PBXTargetDependency;
			target = 859E0E3A26F88ADD0039C1C8 /* Mobillian */;
			targetProxy = 859E0E4626F88ADE0039C1C8 /* PBXContainerItemProxy */;
		};
/* End PBXTargetDependency section */

/* Begin PBXVariantGroup section */
		859E0E6826F88C100039C1C8 /* LaunchScreen.storyboard */ = {
			isa = PBXVariantGroup;
			children = (
				859E0E6926F88C100039C1C8 /* Base */,
			);
			name = LaunchScreen.storyboard;
			sourceTree = "<group>";
		};
/* End PBXVariantGroup section */

/* Begin XCBuildConfiguration section */
		859E0E4D26F88ADE0039C1C8 /* Debug */ = {
			isa = XCBuildConfiguration;
			buildSettings = {
				ALWAYS_SEARCH_USER_PATHS = NO;
				CLANG_ANALYZER_NONNULL = YES;
				CLANG_ANALYZER_NUMBER_OBJECT_CONVERSION = YES_AGGRESSIVE;
				CLANG_CXX_LANGUAGE_STANDARD = "gnu++14";
				CLANG_CXX_LIBRARY = "libc++";
				CLANG_ENABLE_MODULES = YES;
				CLANG_ENABLE_OBJC_ARC = YES;
				CLANG_ENABLE_OBJC_WEAK = YES;
				CLANG_WARN_BLOCK_CAPTURE_AUTORELEASING = YES;
				CLANG_WARN_BOOL_CONVERSION = YES;
				CLANG_WARN_COMMA = YES;
				CLANG_WARN_CONSTANT_CONVERSION = YES;
				CLANG_WARN_DEPRECATED_OBJC_IMPLEMENTATIONS = YES;
				CLANG_WARN_DIRECT_OBJC_ISA_USAGE = YES_ERROR;
				CLANG_WARN_DOCUMENTATION_COMMENTS = YES;
				CLANG_WARN_EMPTY_BODY = YES;
				CLANG_WARN_ENUM_CONVERSION = YES;
				CLANG_WARN_INFINITE_RECURSION = YES;
				CLANG_WARN_INT_CONVERSION = YES;
				CLANG_WARN_NON_LITERAL_NULL_CONVERSION = YES;
				CLANG_WARN_OBJC_IMPLICIT_RETAIN_SELF = YES;
				CLANG_WARN_OBJC_LITERAL_CONVERSION = YES;
				CLANG_WARN_OBJC_ROOT_CLASS = YES_ERROR;
				CLANG_WARN_QUOTED_INCLUDE_IN_FRAMEWORK_HEADER = YES;
				CLANG_WARN_RANGE_LOOP_ANALYSIS = YES;
				CLANG_WARN_STRICT_PROTOTYPES = YES;
				CLANG_WARN_SUSPICIOUS_MOVE = YES;
				CLANG_WARN_UNGUARDED_AVAILABILITY = YES_AGGRESSIVE;
				CLANG_WARN_UNREACHABLE_CODE = YES;
				CLANG_WARN__DUPLICATE_METHOD_MATCH = YES;
				COPY_PHASE_STRIP = NO;
				CURRENT_PROJECT_VERSION = 1;
				DEBUG_INFORMATION_FORMAT = dwarf;
				ENABLE_STRICT_OBJC_MSGSEND = YES;
				ENABLE_TESTABILITY = YES;
				GCC_C_LANGUAGE_STANDARD = gnu11;
				GCC_DYNAMIC_NO_PIC = NO;
				GCC_NO_COMMON_BLOCKS = YES;
				GCC_OPTIMIZATION_LEVEL = 0;
				GCC_PREPROCESSOR_DEFINITIONS = (
					"DEBUG=1",
					"$(inherited)",
				);
				GCC_WARN_64_TO_32_BIT_CONVERSION = YES;
				GCC_WARN_ABOUT_RETURN_TYPE = YES_ERROR;
				GCC_WARN_UNDECLARED_SELECTOR = YES;
				GCC_WARN_UNINITIALIZED_AUTOS = YES_AGGRESSIVE;
				GCC_WARN_UNUSED_FUNCTION = YES;
				GCC_WARN_UNUSED_VARIABLE = YES;
				IPHONEOS_DEPLOYMENT_TARGET = 14.1;
				MTL_ENABLE_DEBUG_INFO = INCLUDE_SOURCE;
				MTL_FAST_MATH = YES;
				ONLY_ACTIVE_ARCH = YES;
				SDKROOT = iphoneos;
				SWIFT_ACTIVE_COMPILATION_CONDITIONS = DEBUG;
				SWIFT_OPTIMIZATION_LEVEL = "-Onone";
				VERSIONING_SYSTEM = "apple-generic";
				VERSION_INFO_PREFIX = "";
			};
			name = Debug;
		};
		859E0E4E26F88ADE0039C1C8 /* Release */ = {
			isa = XCBuildConfiguration;
			buildSettings = {
				ALWAYS_SEARCH_USER_PATHS = NO;
				CLANG_ANALYZER_NONNULL = YES;
				CLANG_ANALYZER_NUMBER_OBJECT_CONVERSION = YES_AGGRESSIVE;
				CLANG_CXX_LANGUAGE_STANDARD = "gnu++14";
				CLANG_CXX_LIBRARY = "libc++";
				CLANG_ENABLE_MODULES = YES;
				CLANG_ENABLE_OBJC_ARC = YES;
				CLANG_ENABLE_OBJC_WEAK = YES;
				CLANG_WARN_BLOCK_CAPTURE_AUTORELEASING = YES;
				CLANG_WARN_BOOL_CONVERSION = YES;
				CLANG_WARN_COMMA = YES;
				CLANG_WARN_CONSTANT_CONVERSION = YES;
				CLANG_WARN_DEPRECATED_OBJC_IMPLEMENTATIONS = YES;
				CLANG_WARN_DIRECT_OBJC_ISA_USAGE = YES_ERROR;
				CLANG_WARN_DOCUMENTATION_COMMENTS = YES;
				CLANG_WARN_EMPTY_BODY = YES;
				CLANG_WARN_ENUM_CONVERSION = YES;
				CLANG_WARN_INFINITE_RECURSION = YES;
				CLANG_WARN_INT_CONVERSION = YES;
				CLANG_WARN_NON_LITERAL_NULL_CONVERSION = YES;
				CLANG_WARN_OBJC_IMPLICIT_RETAIN_SELF = YES;
				CLANG_WARN_OBJC_LITERAL_CONVERSION = YES;
				CLANG_WARN_OBJC_ROOT_CLASS = YES_ERROR;
				CLANG_WARN_QUOTED_INCLUDE_IN_FRAMEWORK_HEADER = YES;
				CLANG_WARN_RANGE_LOOP_ANALYSIS = YES;
				CLANG_WARN_STRICT_PROTOTYPES = YES;
				CLANG_WARN_SUSPICIOUS_MOVE = YES;
				CLANG_WARN_UNGUARDED_AVAILABILITY = YES_AGGRESSIVE;
				CLANG_WARN_UNREACHABLE_CODE = YES;
				CLANG_WARN__DUPLICATE_METHOD_MATCH = YES;
				COPY_PHASE_STRIP = NO;
				CURRENT_PROJECT_VERSION = 1;
				DEBUG_INFORMATION_FORMAT = "dwarf-with-dsym";
				ENABLE_NS_ASSERTIONS = NO;
				ENABLE_STRICT_OBJC_MSGSEND = YES;
				GCC_C_LANGUAGE_STANDARD = gnu11;
				GCC_NO_COMMON_BLOCKS = YES;
				GCC_WARN_64_TO_32_BIT_CONVERSION = YES;
				GCC_WARN_ABOUT_RETURN_TYPE = YES_ERROR;
				GCC_WARN_UNDECLARED_SELECTOR = YES;
				GCC_WARN_UNINITIALIZED_AUTOS = YES_AGGRESSIVE;
				GCC_WARN_UNUSED_FUNCTION = YES;
				GCC_WARN_UNUSED_VARIABLE = YES;
				IPHONEOS_DEPLOYMENT_TARGET = 14.1;
				MTL_ENABLE_DEBUG_INFO = NO;
				MTL_FAST_MATH = YES;
				SDKROOT = iphoneos;
				SWIFT_COMPILATION_MODE = wholemodule;
				SWIFT_OPTIMIZATION_LEVEL = "-O";
				VALIDATE_PRODUCT = YES;
				VERSIONING_SYSTEM = "apple-generic";
				VERSION_INFO_PREFIX = "";
			};
			name = Release;
		};
		859E0E5026F88ADE0039C1C8 /* Debug */ = {
			isa = XCBuildConfiguration;
			buildSettings = {
				CLANG_ENABLE_MODULES = YES;
				CODE_SIGN_STYLE = Automatic;
				DEFINES_MODULE = YES;
				DEVELOPMENT_TEAM = ABC5689P89;
				DYLIB_COMPATIBILITY_VERSION = 1;
				DYLIB_CURRENT_VERSION = 1;
				DYLIB_INSTALL_NAME_BASE = "@rpath";
				INFOPLIST_FILE = Mobillian/Info.plist;
				INSTALL_PATH = "$(LOCAL_LIBRARY_DIR)/Frameworks";
				LD_RUNPATH_SEARCH_PATHS = (
					"$(inherited)",
					"@executable_path/Frameworks",
					"@loader_path/Frameworks",
				);
				PRODUCT_BUNDLE_IDENTIFIER = com.datailor.Mobillian;
				PRODUCT_NAME = "$(TARGET_NAME:c99extidentifier)";
				SKIP_INSTALL = YES;
				SUPPORTS_MACCATALYST = NO;
				SWIFT_OPTIMIZATION_LEVEL = "-Onone";
				SWIFT_VERSION = 5.0;
				TARGETED_DEVICE_FAMILY = "1,2";
			};
			name = Debug;
		};
		859E0E5126F88ADE0039C1C8 /* Release */ = {
			isa = XCBuildConfiguration;
			buildSettings = {
				CLANG_ENABLE_MODULES = YES;
				CODE_SIGN_STYLE = Automatic;
				DEFINES_MODULE = YES;
				DEVELOPMENT_TEAM = ABC5689P89;
				DYLIB_COMPATIBILITY_VERSION = 1;
				DYLIB_CURRENT_VERSION = 1;
				DYLIB_INSTALL_NAME_BASE = "@rpath";
				INFOPLIST_FILE = Mobillian/Info.plist;
				INSTALL_PATH = "$(LOCAL_LIBRARY_DIR)/Frameworks";
				LD_RUNPATH_SEARCH_PATHS = (
					"$(inherited)",
					"@executable_path/Frameworks",
					"@loader_path/Frameworks",
				);
				PRODUCT_BUNDLE_IDENTIFIER = com.datailor.Mobillian;
				PRODUCT_NAME = "$(TARGET_NAME:c99extidentifier)";
				SKIP_INSTALL = YES;
				SUPPORTS_MACCATALYST = NO;
				SWIFT_VERSION = 5.0;
				TARGETED_DEVICE_FAMILY = "1,2";
			};
			name = Release;
		};
		859E0E5326F88ADE0039C1C8 /* Debug */ = {
			isa = XCBuildConfiguration;
			buildSettings = {
				ALWAYS_EMBED_SWIFT_STANDARD_LIBRARIES = YES;
				CODE_SIGN_STYLE = Automatic;
				DEVELOPMENT_TEAM = ABC5689P89;
				INFOPLIST_FILE = MobillianTests/Info.plist;
				LD_RUNPATH_SEARCH_PATHS = (
					"$(inherited)",
					"@executable_path/Frameworks",
					"@loader_path/Frameworks",
				);
				PRODUCT_BUNDLE_IDENTIFIER = com.datailor.MobillianTests;
				PRODUCT_NAME = "$(TARGET_NAME)";
				SWIFT_VERSION = 5.0;
				TARGETED_DEVICE_FAMILY = "1,2";
			};
			name = Debug;
		};
		859E0E5426F88ADE0039C1C8 /* Release */ = {
			isa = XCBuildConfiguration;
			buildSettings = {
				ALWAYS_EMBED_SWIFT_STANDARD_LIBRARIES = YES;
				CODE_SIGN_STYLE = Automatic;
				DEVELOPMENT_TEAM = ABC5689P89;
				INFOPLIST_FILE = MobillianTests/Info.plist;
				LD_RUNPATH_SEARCH_PATHS = (
					"$(inherited)",
					"@executable_path/Frameworks",
					"@loader_path/Frameworks",
				);
				PRODUCT_BUNDLE_IDENTIFIER = com.datailor.MobillianTests;
				PRODUCT_NAME = "$(TARGET_NAME)";
				SWIFT_VERSION = 5.0;
				TARGETED_DEVICE_FAMILY = "1,2";
			};
			name = Release;
		};
		859E0E6D26F88C100039C1C8 /* Debug */ = {
			isa = XCBuildConfiguration;
			buildSettings = {
				ASSETCATALOG_COMPILER_APPICON_NAME = AppIcon;
				ASSETCATALOG_COMPILER_GLOBAL_ACCENT_COLOR_NAME = AccentColor;
				CODE_SIGN_STYLE = Automatic;
				DEVELOPMENT_ASSET_PATHS = "\"MobillianExamples/Preview Content\"";
				DEVELOPMENT_TEAM = ABC5689P89;
				ENABLE_PREVIEWS = YES;
				INFOPLIST_FILE = MobillianExamples/Info.plist;
				LD_RUNPATH_SEARCH_PATHS = (
					"$(inherited)",
					"@executable_path/Frameworks",
				);
				PRODUCT_BUNDLE_IDENTIFIER = com.datailor.MobillianExamples;
				PRODUCT_NAME = "$(TARGET_NAME)";
				SWIFT_VERSION = 5.0;
				TARGETED_DEVICE_FAMILY = "1,2";
			};
			name = Debug;
		};
		859E0E6E26F88C100039C1C8 /* Release */ = {
			isa = XCBuildConfiguration;
			buildSettings = {
				ASSETCATALOG_COMPILER_APPICON_NAME = AppIcon;
				ASSETCATALOG_COMPILER_GLOBAL_ACCENT_COLOR_NAME = AccentColor;
				CODE_SIGN_STYLE = Automatic;
				DEVELOPMENT_ASSET_PATHS = "\"MobillianExamples/Preview Content\"";
				DEVELOPMENT_TEAM = ABC5689P89;
				ENABLE_PREVIEWS = YES;
				INFOPLIST_FILE = MobillianExamples/Info.plist;
				LD_RUNPATH_SEARCH_PATHS = (
					"$(inherited)",
					"@executable_path/Frameworks",
				);
				PRODUCT_BUNDLE_IDENTIFIER = com.datailor.MobillianExamples;
				PRODUCT_NAME = "$(TARGET_NAME)";
				SWIFT_VERSION = 5.0;
				TARGETED_DEVICE_FAMILY = "1,2";
			};
			name = Release;
		};
/* End XCBuildConfiguration section */

/* Begin XCConfigurationList section */
		859E0E3526F88ADD0039C1C8 /* Build configuration list for PBXProject "Mobillian" */ = {
			isa = XCConfigurationList;
			buildConfigurations = (
				859E0E4D26F88ADE0039C1C8 /* Debug */,
				859E0E4E26F88ADE0039C1C8 /* Release */,
			);
			defaultConfigurationIsVisible = 0;
			defaultConfigurationName = Release;
		};
		859E0E4F26F88ADE0039C1C8 /* Build configuration list for PBXNativeTarget "Mobillian" */ = {
			isa = XCConfigurationList;
			buildConfigurations = (
				859E0E5026F88ADE0039C1C8 /* Debug */,
				859E0E5126F88ADE0039C1C8 /* Release */,
			);
			defaultConfigurationIsVisible = 0;
			defaultConfigurationName = Release;
		};
		859E0E5226F88ADE0039C1C8 /* Build configuration list for PBXNativeTarget "MobillianTests" */ = {
			isa = XCConfigurationList;
			buildConfigurations = (
				859E0E5326F88ADE0039C1C8 /* Debug */,
				859E0E5426F88ADE0039C1C8 /* Release */,
			);
			defaultConfigurationIsVisible = 0;
			defaultConfigurationName = Release;
		};
		859E0E6C26F88C100039C1C8 /* Build configuration list for PBXNativeTarget "MobillianExamples" */ = {
			isa = XCConfigurationList;
			buildConfigurations = (
				859E0E6D26F88C100039C1C8 /* Debug */,
				859E0E6E26F88C100039C1C8 /* Release */,
			);
			defaultConfigurationIsVisible = 0;
			defaultConfigurationName = Release;
		};
/* End XCConfigurationList section */
	};
	rootObject = 859E0E3226F88ADD0039C1C8 /* Project object */;
}
